// !$*UTF8*$!
{
	archiveVersion = 1;
	classes = {
	};
	objectVersion = 56;
	objects = {

/* Begin PBXBuildFile section */
		A116C13A2AD889C400B1DE68 /* AppDelegate.swift in Sources */ = {isa = PBXBuildFile; fileRef = A116C1392AD889C400B1DE68 /* AppDelegate.swift */; };
		A116C13C2AD889C400B1DE68 /* SceneDelegate.swift in Sources */ = {isa = PBXBuildFile; fileRef = A116C13B2AD889C400B1DE68 /* SceneDelegate.swift */; };
		A116C13E2AD889C400B1DE68 /* HomeViewController.swift in Sources */ = {isa = PBXBuildFile; fileRef = A116C13D2AD889C400B1DE68 /* HomeViewController.swift */; };
		A116C1542AD88F1F00B1DE68 /* AuthModel.swift in Sources */ = {isa = PBXBuildFile; fileRef = A116C1532AD88F1F00B1DE68 /* AuthModel.swift */; };
		A116C1572AD88F4500B1DE68 /* ValidatorModel.swift in Sources */ = {isa = PBXBuildFile; fileRef = A116C1562AD88F4500B1DE68 /* ValidatorModel.swift */; };
		A116C1592AD88FC600B1DE68 /* DatabaseModel.swift in Sources */ = {isa = PBXBuildFile; fileRef = A116C1582AD88FC600B1DE68 /* DatabaseModel.swift */; };
		A116C15D2AD8BB7200B1DE68 /* LoginViewController.swift in Sources */ = {isa = PBXBuildFile; fileRef = A116C15C2AD8BB7200B1DE68 /* LoginViewController.swift */; };
		A116C15F2AD8CC3800B1DE68 /* LaunchScreen.storyboard in Resources */ = {isa = PBXBuildFile; fileRef = A116C1442AD889C500B1DE68 /* LaunchScreen.storyboard */; };
		A116C1602AD8CC3C00B1DE68 /* Assets.xcassets in Resources */ = {isa = PBXBuildFile; fileRef = A116C1422AD889C500B1DE68 /* Assets.xcassets */; };
		A116C1632AD8D13F00B1DE68 /* UIColor+.swift in Sources */ = {isa = PBXBuildFile; fileRef = A116C1622AD8D13F00B1DE68 /* UIColor+.swift */; };
		A116C1652AD8D87700B1DE68 /* RingTechCompatible.swift in Sources */ = {isa = PBXBuildFile; fileRef = A116C1642AD8D87700B1DE68 /* RingTechCompatible.swift */; };
		A116C1672AD925D500B1DE68 /* UIViewController+.swift in Sources */ = {isa = PBXBuildFile; fileRef = A116C1662AD925D500B1DE68 /* UIViewController+.swift */; };
		A116C1732ADB460900B1DE68 /* FirebaseAnalytics in Frameworks */ = {isa = PBXBuildFile; productRef = A116C1722ADB460900B1DE68 /* FirebaseAnalytics */; };
		A116C1752ADB460900B1DE68 /* FirebaseAuth in Frameworks */ = {isa = PBXBuildFile; productRef = A116C1742ADB460900B1DE68 /* FirebaseAuth */; };
		A116C1772ADB460900B1DE68 /* FirebaseFirestore in Frameworks */ = {isa = PBXBuildFile; productRef = A116C1762ADB460900B1DE68 /* FirebaseFirestore */; };
		A116C1792ADC36F900B1DE68 /* GoogleService-Info.plist in Resources */ = {isa = PBXBuildFile; fileRef = A116C1782ADC36F900B1DE68 /* GoogleService-Info.plist */; };
		A1B003E02ADE8CD500228768 /* DebugFloatingButton.swift in Sources */ = {isa = PBXBuildFile; fileRef = A1B003DF2ADE8CD500228768 /* DebugFloatingButton.swift */; };
		A1B003E22ADEFA1900228768 /* String+.swift in Sources */ = {isa = PBXBuildFile; fileRef = A1B003E12ADEFA1900228768 /* String+.swift */; };
		A1B003E42ADF0FEF00228768 /* IndicatorView.swift in Sources */ = {isa = PBXBuildFile; fileRef = A1B003E32ADF0FEF00228768 /* IndicatorView.swift */; };
		A1B003E62ADF267D00228768 /* GradientAnimationView.swift in Sources */ = {isa = PBXBuildFile; fileRef = A1B003E52ADF267D00228768 /* GradientAnimationView.swift */; };
/* End PBXBuildFile section */

/* Begin PBXFileReference section */
		A116C1362AD889C400B1DE68 /* StudyApp-Login.app */ = {isa = PBXFileReference; explicitFileType = wrapper.application; includeInIndex = 0; path = "StudyApp-Login.app"; sourceTree = BUILT_PRODUCTS_DIR; };
		A116C1392AD889C400B1DE68 /* AppDelegate.swift */ = {isa = PBXFileReference; lastKnownFileType = sourcecode.swift; path = AppDelegate.swift; sourceTree = "<group>"; };
		A116C13B2AD889C400B1DE68 /* SceneDelegate.swift */ = {isa = PBXFileReference; lastKnownFileType = sourcecode.swift; path = SceneDelegate.swift; sourceTree = "<group>"; };
		A116C13D2AD889C400B1DE68 /* HomeViewController.swift */ = {isa = PBXFileReference; lastKnownFileType = sourcecode.swift; path = HomeViewController.swift; sourceTree = "<group>"; };
		A116C1422AD889C500B1DE68 /* Assets.xcassets */ = {isa = PBXFileReference; lastKnownFileType = folder.assetcatalog; path = Assets.xcassets; sourceTree = "<group>"; };
		A116C1452AD889C500B1DE68 /* Base */ = {isa = PBXFileReference; lastKnownFileType = file.storyboard; name = Base; path = Base.lproj/LaunchScreen.storyboard; sourceTree = "<group>"; };
		A116C1472AD889C500B1DE68 /* Info.plist */ = {isa = PBXFileReference; lastKnownFileType = text.plist.xml; path = Info.plist; sourceTree = "<group>"; };
		A116C1532AD88F1F00B1DE68 /* AuthModel.swift */ = {isa = PBXFileReference; lastKnownFileType = sourcecode.swift; path = AuthModel.swift; sourceTree = "<group>"; };
		A116C1562AD88F4500B1DE68 /* ValidatorModel.swift */ = {isa = PBXFileReference; lastKnownFileType = sourcecode.swift; path = ValidatorModel.swift; sourceTree = "<group>"; };
		A116C1582AD88FC600B1DE68 /* DatabaseModel.swift */ = {isa = PBXFileReference; lastKnownFileType = sourcecode.swift; path = DatabaseModel.swift; sourceTree = "<group>"; };
		A116C15C2AD8BB7200B1DE68 /* LoginViewController.swift */ = {isa = PBXFileReference; lastKnownFileType = sourcecode.swift; path = LoginViewController.swift; sourceTree = "<group>"; };
		A116C1622AD8D13F00B1DE68 /* UIColor+.swift */ = {isa = PBXFileReference; lastKnownFileType = sourcecode.swift; path = "UIColor+.swift"; sourceTree = "<group>"; };
		A116C1642AD8D87700B1DE68 /* RingTechCompatible.swift */ = {isa = PBXFileReference; lastKnownFileType = sourcecode.swift; path = RingTechCompatible.swift; sourceTree = "<group>"; };
		A116C1662AD925D500B1DE68 /* UIViewController+.swift */ = {isa = PBXFileReference; lastKnownFileType = sourcecode.swift; path = "UIViewController+.swift"; sourceTree = "<group>"; };
		A116C1782ADC36F900B1DE68 /* GoogleService-Info.plist */ = {isa = PBXFileReference; fileEncoding = 4; lastKnownFileType = text.plist.xml; path = "GoogleService-Info.plist"; sourceTree = "<group>"; };
		A1B003DF2ADE8CD500228768 /* DebugFloatingButton.swift */ = {isa = PBXFileReference; lastKnownFileType = sourcecode.swift; path = DebugFloatingButton.swift; sourceTree = "<group>"; };
		A1B003E12ADEFA1900228768 /* String+.swift */ = {isa = PBXFileReference; lastKnownFileType = sourcecode.swift; path = "String+.swift"; sourceTree = "<group>"; };
		A1B003E32ADF0FEF00228768 /* IndicatorView.swift */ = {isa = PBXFileReference; lastKnownFileType = sourcecode.swift; path = IndicatorView.swift; sourceTree = "<group>"; };
		A1B003E52ADF267D00228768 /* GradientAnimationView.swift */ = {isa = PBXFileReference; lastKnownFileType = sourcecode.swift; path = GradientAnimationView.swift; sourceTree = "<group>"; };
/* End PBXFileReference section */

/* Begin PBXFrameworksBuildPhase section */
		A116C1332AD889C400B1DE68 /* Frameworks */ = {
			isa = PBXFrameworksBuildPhase;
			buildActionMask = 2147483647;
			files = (
				A116C1732ADB460900B1DE68 /* FirebaseAnalytics in Frameworks */,
				A116C1752ADB460900B1DE68 /* FirebaseAuth in Frameworks */,
				A116C1772ADB460900B1DE68 /* FirebaseFirestore in Frameworks */,
			);
			runOnlyForDeploymentPostprocessing = 0;
		};
/* End PBXFrameworksBuildPhase section */

/* Begin PBXGroup section */
		A116C12D2AD889C300B1DE68 = {
			isa = PBXGroup;
			children = (
				A116C1382AD889C400B1DE68 /* StudyApp-Login */,
				A116C1372AD889C400B1DE68 /* Products */,
			);
			sourceTree = "<group>";
		};
		A116C1372AD889C400B1DE68 /* Products */ = {
			isa = PBXGroup;
			children = (
				A116C1362AD889C400B1DE68 /* StudyApp-Login.app */,
			);
			name = Products;
			sourceTree = "<group>";
		};
		A116C1382AD889C400B1DE68 /* StudyApp-Login */ = {
			isa = PBXGroup;
			children = (
				A116C1392AD889C400B1DE68 /* AppDelegate.swift */,
				A116C13B2AD889C400B1DE68 /* SceneDelegate.swift */,
				A116C1502AD88AE900B1DE68 /* Models */,
				A116C1512AD88AEF00B1DE68 /* Views */,
				A116C14F2AD88AD400B1DE68 /* Controllers */,
				A116C1612AD8D08200B1DE68 /* Extensions */,
				A116C1422AD889C500B1DE68 /* Assets.xcassets */,
				A116C1442AD889C500B1DE68 /* LaunchScreen.storyboard */,
				A116C1472AD889C500B1DE68 /* Info.plist */,
				A116C1782ADC36F900B1DE68 /* GoogleService-Info.plist */,
			);
			path = "StudyApp-Login";
			sourceTree = "<group>";
		};
		A116C14F2AD88AD400B1DE68 /* Controllers */ = {
			isa = PBXGroup;
			children = (
				A116C13D2AD889C400B1DE68 /* HomeViewController.swift */,
				A116C15C2AD8BB7200B1DE68 /* LoginViewController.swift */,
			);
			path = Controllers;
			sourceTree = "<group>";
		};
		A116C1502AD88AE900B1DE68 /* Models */ = {
			isa = PBXGroup;
			children = (
				A116C1532AD88F1F00B1DE68 /* AuthModel.swift */,
				A116C1582AD88FC600B1DE68 /* DatabaseModel.swift */,
				A116C1562AD88F4500B1DE68 /* ValidatorModel.swift */,
			);
			path = Models;
			sourceTree = "<group>";
		};
		A116C1512AD88AEF00B1DE68 /* Views */ = {
			isa = PBXGroup;
			children = (
				A1B003E52ADF267D00228768 /* GradientAnimationView.swift */,
				A1B003DF2ADE8CD500228768 /* DebugFloatingButton.swift */,
				A1B003E32ADF0FEF00228768 /* IndicatorView.swift */,
			);
			path = Views;
			sourceTree = "<group>";
		};
		A116C1612AD8D08200B1DE68 /* Extensions */ = {
			isa = PBXGroup;
			children = (
				A116C1642AD8D87700B1DE68 /* RingTechCompatible.swift */,
				A116C1622AD8D13F00B1DE68 /* UIColor+.swift */,
				A116C1662AD925D500B1DE68 /* UIViewController+.swift */,
				A1B003E12ADEFA1900228768 /* String+.swift */,
			);
			path = Extensions;
			sourceTree = "<group>";
		};
/* End PBXGroup section */

/* Begin PBXNativeTarget section */
		A116C1352AD889C400B1DE68 /* StudyApp-Login */ = {
			isa = PBXNativeTarget;
			buildConfigurationList = A116C14A2AD889C500B1DE68 /* Build configuration list for PBXNativeTarget "StudyApp-Login" */;
			buildPhases = (
				A116C1322AD889C400B1DE68 /* Sources */,
				A116C1332AD889C400B1DE68 /* Frameworks */,
				A116C1342AD889C400B1DE68 /* Resources */,
			);
			buildRules = (
			);
			dependencies = (
			);
			name = "StudyApp-Login";
			packageProductDependencies = (
				A116C1722ADB460900B1DE68 /* FirebaseAnalytics */,
				A116C1742ADB460900B1DE68 /* FirebaseAuth */,
				A116C1762ADB460900B1DE68 /* FirebaseFirestore */,
			);
			productName = "StudyApp-Login";
			productReference = A116C1362AD889C400B1DE68 /* StudyApp-Login.app */;
			productType = "com.apple.product-type.application";
		};
/* End PBXNativeTarget section */

/* Begin PBXProject section */
		A116C12E2AD889C300B1DE68 /* Project object */ = {
			isa = PBXProject;
			attributes = {
				BuildIndependentTargetsInParallel = 1;
				LastSwiftUpdateCheck = 1430;
				LastUpgradeCheck = 1430;
				TargetAttributes = {
					A116C1352AD889C400B1DE68 = {
						CreatedOnToolsVersion = 14.3;
					};
				};
			};
			buildConfigurationList = A116C1312AD889C300B1DE68 /* Build configuration list for PBXProject "StudyApp-Login" */;
			compatibilityVersion = "Xcode 14.0";
			developmentRegion = en;
			hasScannedForEncodings = 0;
			knownRegions = (
				en,
				Base,
			);
			mainGroup = A116C12D2AD889C300B1DE68;
			packageReferences = (
				A116C1712ADB460900B1DE68 /* XCRemoteSwiftPackageReference "firebase-ios-sdk" */,
			);
			productRefGroup = A116C1372AD889C400B1DE68 /* Products */;
			projectDirPath = "";
			projectRoot = "";
			targets = (
				A116C1352AD889C400B1DE68 /* StudyApp-Login */,
			);
		};
/* End PBXProject section */

/* Begin PBXResourcesBuildPhase section */
		A116C1342AD889C400B1DE68 /* Resources */ = {
			isa = PBXResourcesBuildPhase;
			buildActionMask = 2147483647;
			files = (
				A116C1602AD8CC3C00B1DE68 /* Assets.xcassets in Resources */,
				A116C15F2AD8CC3800B1DE68 /* LaunchScreen.storyboard in Resources */,
				A116C1792ADC36F900B1DE68 /* GoogleService-Info.plist in Resources */,
			);
			runOnlyForDeploymentPostprocessing = 0;
		};
/* End PBXResourcesBuildPhase section */

/* Begin PBXSourcesBuildPhase section */
		A116C1322AD889C400B1DE68 /* Sources */ = {
			isa = PBXSourcesBuildPhase;
			buildActionMask = 2147483647;
			files = (
				A116C13E2AD889C400B1DE68 /* HomeViewController.swift in Sources */,
				A116C1632AD8D13F00B1DE68 /* UIColor+.swift in Sources */,
				A116C1672AD925D500B1DE68 /* UIViewController+.swift in Sources */,
				A1B003E42ADF0FEF00228768 /* IndicatorView.swift in Sources */,
				A116C1592AD88FC600B1DE68 /* DatabaseModel.swift in Sources */,
				A116C1652AD8D87700B1DE68 /* RingTechCompatible.swift in Sources */,
				A116C13A2AD889C400B1DE68 /* AppDelegate.swift in Sources */,
				A1B003E02ADE8CD500228768 /* DebugFloatingButton.swift in Sources */,
				A116C15D2AD8BB7200B1DE68 /* LoginViewController.swift in Sources */,
				A116C13C2AD889C400B1DE68 /* SceneDelegate.swift in Sources */,
				A1B003E22ADEFA1900228768 /* String+.swift in Sources */,
				A116C1572AD88F4500B1DE68 /* ValidatorModel.swift in Sources */,
				A116C1542AD88F1F00B1DE68 /* AuthModel.swift in Sources */,
				A1B003E62ADF267D00228768 /* GradientAnimationView.swift in Sources */,
			);
			runOnlyForDeploymentPostprocessing = 0;
		};
/* End PBXSourcesBuildPhase section */

/* Begin PBXVariantGroup section */
		A116C1442AD889C500B1DE68 /* LaunchScreen.storyboard */ = {
			isa = PBXVariantGroup;
			children = (
				A116C1452AD889C500B1DE68 /* Base */,
			);
			name = LaunchScreen.storyboard;
			sourceTree = "<group>";
		};
/* End PBXVariantGroup section */

/* Begin XCBuildConfiguration section */
		A116C1482AD889C500B1DE68 /* Debug */ = {
			isa = XCBuildConfiguration;
			buildSettings = {
				ALWAYS_SEARCH_USER_PATHS = NO;
				CLANG_ANALYZER_NONNULL = YES;
				CLANG_ANALYZER_NUMBER_OBJECT_CONVERSION = YES_AGGRESSIVE;
				CLANG_CXX_LANGUAGE_STANDARD = "gnu++20";
				CLANG_ENABLE_MODULES = YES;
				CLANG_ENABLE_OBJC_ARC = YES;
				CLANG_ENABLE_OBJC_WEAK = YES;
				CLANG_WARN_BLOCK_CAPTURE_AUTORELEASING = YES;
				CLANG_WARN_BOOL_CONVERSION = YES;
				CLANG_WARN_COMMA = YES;
				CLANG_WARN_CONSTANT_CONVERSION = YES;
				CLANG_WARN_DEPRECATED_OBJC_IMPLEMENTATIONS = YES;
				CLANG_WARN_DIRECT_OBJC_ISA_USAGE = YES_ERROR;
				CLANG_WARN_DOCUMENTATION_COMMENTS = YES;
				CLANG_WARN_EMPTY_BODY = YES;
				CLANG_WARN_ENUM_CONVERSION = YES;
				CLANG_WARN_INFINITE_RECURSION = YES;
				CLANG_WARN_INT_CONVERSION = YES;
				CLANG_WARN_NON_LITERAL_NULL_CONVERSION = YES;
				CLANG_WARN_OBJC_IMPLICIT_RETAIN_SELF = YES;
				CLANG_WARN_OBJC_LITERAL_CONVERSION = YES;
				CLANG_WARN_OBJC_ROOT_CLASS = YES_ERROR;
				CLANG_WARN_QUOTED_INCLUDE_IN_FRAMEWORK_HEADER = YES;
				CLANG_WARN_RANGE_LOOP_ANALYSIS = YES;
				CLANG_WARN_STRICT_PROTOTYPES = YES;
				CLANG_WARN_SUSPICIOUS_MOVE = YES;
				CLANG_WARN_UNGUARDED_AVAILABILITY = YES_AGGRESSIVE;
				CLANG_WARN_UNREACHABLE_CODE = YES;
				CLANG_WARN__DUPLICATE_METHOD_MATCH = YES;
				COPY_PHASE_STRIP = NO;
				DEBUG_INFORMATION_FORMAT = dwarf;
				ENABLE_STRICT_OBJC_MSGSEND = YES;
				ENABLE_TESTABILITY = YES;
				GCC_C_LANGUAGE_STANDARD = gnu11;
				GCC_DYNAMIC_NO_PIC = NO;
				GCC_NO_COMMON_BLOCKS = YES;
				GCC_OPTIMIZATION_LEVEL = 0;
				GCC_PREPROCESSOR_DEFINITIONS = (
					"DEBUG=1",
					"$(inherited)",
				);
				GCC_WARN_64_TO_32_BIT_CONVERSION = YES;
				GCC_WARN_ABOUT_RETURN_TYPE = YES_ERROR;
				GCC_WARN_UNDECLARED_SELECTOR = YES;
				GCC_WARN_UNINITIALIZED_AUTOS = YES_AGGRESSIVE;
				GCC_WARN_UNUSED_FUNCTION = YES;
				GCC_WARN_UNUSED_VARIABLE = YES;
				IPHONEOS_DEPLOYMENT_TARGET = 16.4;
				MTL_ENABLE_DEBUG_INFO = INCLUDE_SOURCE;
				MTL_FAST_MATH = YES;
				ONLY_ACTIVE_ARCH = YES;
				SDKROOT = iphoneos;
				SWIFT_ACTIVE_COMPILATION_CONDITIONS = DEBUG;
				SWIFT_OPTIMIZATION_LEVEL = "-Onone";
			};
			name = Debug;
		};
		A116C1492AD889C500B1DE68 /* Release */ = {
			isa = XCBuildConfiguration;
			buildSettings = {
				ALWAYS_SEARCH_USER_PATHS = NO;
				CLANG_ANALYZER_NONNULL = YES;
				CLANG_ANALYZER_NUMBER_OBJECT_CONVERSION = YES_AGGRESSIVE;
				CLANG_CXX_LANGUAGE_STANDARD = "gnu++20";
				CLANG_ENABLE_MODULES = YES;
				CLANG_ENABLE_OBJC_ARC = YES;
				CLANG_ENABLE_OBJC_WEAK = YES;
				CLANG_WARN_BLOCK_CAPTURE_AUTORELEASING = YES;
				CLANG_WARN_BOOL_CONVERSION = YES;
				CLANG_WARN_COMMA = YES;
				CLANG_WARN_CONSTANT_CONVERSION = YES;
				CLANG_WARN_DEPRECATED_OBJC_IMPLEMENTATIONS = YES;
				CLANG_WARN_DIRECT_OBJC_ISA_USAGE = YES_ERROR;
				CLANG_WARN_DOCUMENTATION_COMMENTS = YES;
				CLANG_WARN_EMPTY_BODY = YES;
				CLANG_WARN_ENUM_CONVERSION = YES;
				CLANG_WARN_INFINITE_RECURSION = YES;
				CLANG_WARN_INT_CONVERSION = YES;
				CLANG_WARN_NON_LITERAL_NULL_CONVERSION = YES;
				CLANG_WARN_OBJC_IMPLICIT_RETAIN_SELF = YES;
				CLANG_WARN_OBJC_LITERAL_CONVERSION = YES;
				CLANG_WARN_OBJC_ROOT_CLASS = YES_ERROR;
				CLANG_WARN_QUOTED_INCLUDE_IN_FRAMEWORK_HEADER = YES;
				CLANG_WARN_RANGE_LOOP_ANALYSIS = YES;
				CLANG_WARN_STRICT_PROTOTYPES = YES;
				CLANG_WARN_SUSPICIOUS_MOVE = YES;
				CLANG_WARN_UNGUARDED_AVAILABILITY = YES_AGGRESSIVE;
				CLANG_WARN_UNREACHABLE_CODE = YES;
				CLANG_WARN__DUPLICATE_METHOD_MATCH = YES;
				COPY_PHASE_STRIP = NO;
				DEBUG_INFORMATION_FORMAT = "dwarf-with-dsym";
				ENABLE_NS_ASSERTIONS = NO;
				ENABLE_STRICT_OBJC_MSGSEND = YES;
				GCC_C_LANGUAGE_STANDARD = gnu11;
				GCC_NO_COMMON_BLOCKS = YES;
				GCC_WARN_64_TO_32_BIT_CONVERSION = YES;
				GCC_WARN_ABOUT_RETURN_TYPE = YES_ERROR;
				GCC_WARN_UNDECLARED_SELECTOR = YES;
				GCC_WARN_UNINITIALIZED_AUTOS = YES_AGGRESSIVE;
				GCC_WARN_UNUSED_FUNCTION = YES;
				GCC_WARN_UNUSED_VARIABLE = YES;
				IPHONEOS_DEPLOYMENT_TARGET = 16.4;
				MTL_ENABLE_DEBUG_INFO = NO;
				MTL_FAST_MATH = YES;
				SDKROOT = iphoneos;
				SWIFT_COMPILATION_MODE = wholemodule;
				SWIFT_OPTIMIZATION_LEVEL = "-O";
				VALIDATE_PRODUCT = YES;
			};
			name = Release;
		};
		A116C14B2AD889C500B1DE68 /* Debug */ = {
			isa = XCBuildConfiguration;
			buildSettings = {
				ASSETCATALOG_COMPILER_APPICON_NAME = AppIcon;
				ASSETCATALOG_COMPILER_GLOBAL_ACCENT_COLOR_NAME = AccentColor;
				CODE_SIGN_STYLE = Automatic;
				CURRENT_PROJECT_VERSION = 1;
				GENERATE_INFOPLIST_FILE = YES;
				INFOPLIST_FILE = "StudyApp-Login/Info.plist";
				INFOPLIST_KEY_UIApplicationSupportsIndirectInputEvents = YES;
				INFOPLIST_KEY_UILaunchStoryboardName = LaunchScreen;
				INFOPLIST_KEY_UISupportedInterfaceOrientations_iPad = "UIInterfaceOrientationPortrait UIInterfaceOrientationPortraitUpsideDown UIInterfaceOrientationLandscapeLeft UIInterfaceOrientationLandscapeRight";
				INFOPLIST_KEY_UISupportedInterfaceOrientations_iPhone = "UIInterfaceOrientationPortrait UIInterfaceOrientationLandscapeLeft UIInterfaceOrientationLandscapeRight";
				LD_RUNPATH_SEARCH_PATHS = (
					"$(inherited)",
					"@executable_path/Frameworks",
				);
				MARKETING_VERSION = 1.0;
				PRODUCT_BUNDLE_IDENTIFIER = "yordgenome.com.StudyApp-Login";
				PRODUCT_NAME = "$(TARGET_NAME)";
				SWIFT_EMIT_LOC_STRINGS = YES;
				SWIFT_VERSION = 5.0;
				TARGETED_DEVICE_FAMILY = "1,2";
			};
			name = Debug;
		};
		A116C14C2AD889C500B1DE68 /* Release */ = {
			isa = XCBuildConfiguration;
			buildSettings = {
				ASSETCATALOG_COMPILER_APPICON_NAME = AppIcon;
				ASSETCATALOG_COMPILER_GLOBAL_ACCENT_COLOR_NAME = AccentColor;
				CODE_SIGN_STYLE = Automatic;
				CURRENT_PROJECT_VERSION = 1;
				GENERATE_INFOPLIST_FILE = YES;
				INFOPLIST_FILE = "StudyApp-Login/Info.plist";
				INFOPLIST_KEY_UIApplicationSupportsIndirectInputEvents = YES;
				INFOPLIST_KEY_UILaunchStoryboardName = LaunchScreen;
				INFOPLIST_KEY_UISupportedInterfaceOrientations_iPad = "UIInterfaceOrientationPortrait UIInterfaceOrientationPortraitUpsideDown UIInterfaceOrientationLandscapeLeft UIInterfaceOrientationLandscapeRight";
				INFOPLIST_KEY_UISupportedInterfaceOrientations_iPhone = "UIInterfaceOrientationPortrait UIInterfaceOrientationLandscapeLeft UIInterfaceOrientationLandscapeRight";
				LD_RUNPATH_SEARCH_PATHS = (
					"$(inherited)",
					"@executable_path/Frameworks",
				);
				MARKETING_VERSION = 1.0;
				MTL_ENABLE_DEBUG_INFO = NO;
				"MTL_ENABLE_DEBUG_INFO[arch=*]" = NO;
				PRODUCT_BUNDLE_IDENTIFIER = "yordgenome.com.StudyApp-Login";
				PRODUCT_NAME = "$(TARGET_NAME)";
				SWIFT_ACTIVE_COMPILATION_CONDITIONS = RELEASE;
				SWIFT_EMIT_LOC_STRINGS = YES;
				SWIFT_VERSION = 5.0;
				TARGETED_DEVICE_FAMILY = "1,2";
			};
			name = Release;
		};
/* End XCBuildConfiguration section */

/* Begin XCConfigurationList section */
		A116C1312AD889C300B1DE68 /* Build configuration list for PBXProject "StudyApp-Login" */ = {
			isa = XCConfigurationList;
			buildConfigurations = (
				A116C1482AD889C500B1DE68 /* Debug */,
				A116C1492AD889C500B1DE68 /* Release */,
			);
			defaultConfigurationIsVisible = 0;
			defaultConfigurationName = Release;
		};
		A116C14A2AD889C500B1DE68 /* Build configuration list for PBXNativeTarget "StudyApp-Login" */ = {
			isa = XCConfigurationList;
			buildConfigurations = (
				A116C14B2AD889C500B1DE68 /* Debug */,
				A116C14C2AD889C500B1DE68 /* Release */,
			);
			defaultConfigurationIsVisible = 0;
			defaultConfigurationName = Release;
		};
/* End XCConfigurationList section */

/* Begin XCRemoteSwiftPackageReference section */
		A116C1712ADB460900B1DE68 /* XCRemoteSwiftPackageReference "firebase-ios-sdk" */ = {
			isa = XCRemoteSwiftPackageReference;
			repositoryURL = "https://github.com/firebase/firebase-ios-sdk";
			requirement = {
				kind = upToNextMajorVersion;
				minimumVersion = 10.0.0;
			};
		};
/* End XCRemoteSwiftPackageReference section */

/* Begin XCSwiftPackageProductDependency section */
		A116C1722ADB460900B1DE68 /* FirebaseAnalytics */ = {
			isa = XCSwiftPackageProductDependency;
			package = A116C1712ADB460900B1DE68 /* XCRemoteSwiftPackageReference "firebase-ios-sdk" */;
			productName = FirebaseAnalytics;
		};
		A116C1742ADB460900B1DE68 /* FirebaseAuth */ = {
			isa = XCSwiftPackageProductDependency;
			package = A116C1712ADB460900B1DE68 /* XCRemoteSwiftPackageReference "firebase-ios-sdk" */;
			productName = FirebaseAuth;
		};
		A116C1762ADB460900B1DE68 /* FirebaseFirestore */ = {
			isa = XCSwiftPackageProductDependency;
			package = A116C1712ADB460900B1DE68 /* XCRemoteSwiftPackageReference "firebase-ios-sdk" */;
			productName = FirebaseFirestore;
		};
/* End XCSwiftPackageProductDependency section */
	};
	rootObject = A116C12E2AD889C300B1DE68 /* Project object */;
}
